
Microsoft Visual Studio Solution File, Format Version 12.00
# Visual Studio Version 17
VisualStudioVersion = 17.14.36603.0 d17.14
MinimumVisualStudioVersion = 10.0.40219.1
Project("{FAE04EC0-301F-11D3-BF4B-00C04F79EFBC}") = "WindowsFormsApp1", "WindowsFormsApp1\WindowsFormsApp1.csproj", "{98378127-DAB3-4543-8D36-E39E182349DC}"
EndProject
Global
	GlobalSection(SolutionConfigurationPlatforms) = preSolution
		Debug|Any CPU = Debug|Any CPU
		Release|Any CPU = Release|Any CPU
	EndGlobalSection
	GlobalSection(ProjectConfigurationPlatforms) = postSolution
		{98378127-DAB3-4543-8D36-E39E182349DC}.Debug|Any CPU.ActiveCfg = Debug|Any CPU
		{98378127-DAB3-4543-8D36-E39E182349DC}.Debug|Any CPU.Build.0 = Debug|Any CPU
		{98378127-DAB3-4543-8D36-E39E182349DC}.Release|Any CPU.ActiveCfg = Release|Any CPU
		{98378127-DAB3-4543-8D36-E39E182349DC}.Release|Any CPU.Build.0 = Release|Any CPU
	EndGlobalSection
	GlobalSection(SolutionProperties) = preSolution
		HideSolutionNode = FALSE
	EndGlobalSection
	GlobalSection(ExtensibilityGlobals) = postSolution
		SolutionGuid = {8367B237-AA96-456A-B1FF-E65A9617F30B}
	EndGlobalSection
EndGlobal
